<Solution>
  <Folder Name="/Sources/">
    <Project Path="src/Dse.Confluence/Dse.Confluence.csproj" />
  </Folder>
  <Folder Name="/Core/">
    <File Path="src\Directory.Build.props" />
    <Project Path="src\Dse.Api\Dse.Api.csproj" />
    <Project Path="src\Dse\Dse.csproj" />
  </Folder>
  <Folder Name="/Tests/">
    <File Path="tests\Directory.Build.props" />
    <Project Path="tests\Dse.Tests\Dse.Tests.csproj" />
  </Folder>
</Solution>
